
Microsoft Visual Studio Solution File, Format Version 12.00
# Visual Studio Version 17
VisualStudioVersion = 17.0.32014.148
MinimumVisualStudioVersion = 10.0.40219.1
Project("{9A19103F-16F7-4668-BE54-9A1E7A4F7556}") = "SB.Presentation", "SimpleBudget\SB.Presentation.csproj", "{6C8E284D-4325-4768-A0EE-C3294CD85F43}"
EndProject
Project("{9A19103F-16F7-4668-BE54-9A1E7A4F7556}") = "SB.Domain", "SB.Domain\SB.Domain.csproj", "{A8193868-F1CB-4323-B70D-355A942646CB}"
EndProject
Project("{9A19103F-16F7-4668-BE54-9A1E7A4F7556}") = "UnitTests", "UnitTests\UnitTests.csproj", "{8FA0B3F5-8AB6-4409-92A1-166258D37544}"
EndProject
Project("{9A19103F-16F7-4668-BE54-9A1E7A4F7556}") = "SB.Application", "SB.Application\SB.Application.csproj", "{C0D0B6CD-6CDE-4E05-97D3-6645555AA7D0}"
EndProject
Project("{FAE04EC0-301F-11D3-BF4B-00C04F79EFBC}") = "SB.Infrastructures", "SB.Infrastructures\SB.Infrastructures.csproj", "{0E3C514D-EA15-47B7-92E3-DC234726BC84}"
EndProject
Global
	GlobalSection(SolutionConfigurationPlatforms) = preSolution
		Debug|Any CPU = Debug|Any CPU
		Release|Any CPU = Release|Any CPU
	EndGlobalSection
	GlobalSection(ProjectConfigurationPlatforms) = postSolution
		{6C8E284D-4325-4768-A0EE-C3294CD85F43}.Debug|Any CPU.ActiveCfg = Debug|Any CPU
		{6C8E284D-4325-4768-A0EE-C3294CD85F43}.Debug|Any CPU.Build.0 = Debug|Any CPU
		{6C8E284D-4325-4768-A0EE-C3294CD85F43}.Release|Any CPU.ActiveCfg = Release|Any CPU
		{6C8E284D-4325-4768-A0EE-C3294CD85F43}.Release|Any CPU.Build.0 = Release|Any CPU
		{A8193868-F1CB-4323-B70D-355A942646CB}.Debug|Any CPU.ActiveCfg = Debug|Any CPU
		{A8193868-F1CB-4323-B70D-355A942646CB}.Debug|Any CPU.Build.0 = Debug|Any CPU
		{A8193868-F1CB-4323-B70D-355A942646CB}.Release|Any CPU.ActiveCfg = Release|Any CPU
		{A8193868-F1CB-4323-B70D-355A942646CB}.Release|Any CPU.Build.0 = Release|Any CPU
		{8FA0B3F5-8AB6-4409-92A1-166258D37544}.Debug|Any CPU.ActiveCfg = Debug|Any CPU
		{8FA0B3F5-8AB6-4409-92A1-166258D37544}.Debug|Any CPU.Build.0 = Debug|Any CPU
		{8FA0B3F5-8AB6-4409-92A1-166258D37544}.Release|Any CPU.ActiveCfg = Release|Any CPU
		{8FA0B3F5-8AB6-4409-92A1-166258D37544}.Release|Any CPU.Build.0 = Release|Any CPU
		{C0D0B6CD-6CDE-4E05-97D3-6645555AA7D0}.Debug|Any CPU.ActiveCfg = Debug|Any CPU
		{C0D0B6CD-6CDE-4E05-97D3-6645555AA7D0}.Debug|Any CPU.Build.0 = Debug|Any CPU
		{C0D0B6CD-6CDE-4E05-97D3-6645555AA7D0}.Release|Any CPU.ActiveCfg = Release|Any CPU
		{C0D0B6CD-6CDE-4E05-97D3-6645555AA7D0}.Release|Any CPU.Build.0 = Release|Any CPU
		{0E3C514D-EA15-47B7-92E3-DC234726BC84}.Debug|Any CPU.ActiveCfg = Debug|Any CPU
		{0E3C514D-EA15-47B7-92E3-DC234726BC84}.Debug|Any CPU.Build.0 = Debug|Any CPU
		{0E3C514D-EA15-47B7-92E3-DC234726BC84}.Release|Any CPU.ActiveCfg = Release|Any CPU
		{0E3C514D-EA15-47B7-92E3-DC234726BC84}.Release|Any CPU.Build.0 = Release|Any CPU
	EndGlobalSection
	GlobalSection(SolutionProperties) = preSolution
		HideSolutionNode = FALSE
	EndGlobalSection
	GlobalSection(ExtensibilityGlobals) = postSolution
		SolutionGuid = {427BF327-E161-4692-B05A-1EDB0F0CB3AC}
	EndGlobalSection
EndGlobal
